# This file is automatically @generated by Wally.
# It is not intended for manual editing.
registry = "test"

[[package]]
name = "4x8matrix/profile-service-fork"
version = "1.0.0"
dependencies = []

[[package]]
name = "ernisto/game"
version = "0.1.0"
dependencies = [["Promise", "lukadev-0/typed-promise@4.0.2"], ["spr", "skiestrixx/spr@2.1.0"], ["ProfileService", "4x8matrix/profile-service-fork@1.0.0"], ["TestEZ", "roblox/testez@0.4.1"]]

[[package]]
name = "evaera/promise"
version = "4.0.0"
dependencies = []

[[package]]
name = "lukadev-0/typed-promise"
version = "4.0.2"
dependencies = [["Promise", "evaera/promise@4.0.0"]]

[[package]]
name = "roblox/testez"
version = "0.4.1"
dependencies = []

[[package]]
name = "skiestrixx/spr"
version = "2.1.0"
dependencies = []
